
Microsoft Visual Studio Solution File, Format Version 12.00
# Visual Studio Version 17
VisualStudioVersion = 17.14.36511.14 d17.14
MinimumVisualStudioVersion = 10.0.40219.1
Project("{8BC9CEB8-8B4A-11D0-8D11-00A0C91BC942}") = "lab3.2", "lab3.2\lab3.2.vcxproj", "{64F3823F-1249-4B6A-BBBE-F93576F1D68A}"
EndProject
Global
	GlobalSection(SolutionConfigurationPlatforms) = preSolution
		Debug|ARM64 = Debug|ARM64
		Debug|x64 = Debug|x64
		Debug|x86 = Debug|x86
		Release|ARM64 = Release|ARM64
		Release|x64 = Release|x64
		Release|x86 = Release|x86
	EndGlobalSection
	GlobalSection(ProjectConfigurationPlatforms) = postSolution
		{64F3823F-1249-4B6A-BBBE-F93576F1D68A}.Debug|ARM64.ActiveCfg = Debug|ARM64
		{64F3823F-1249-4B6A-BBBE-F93576F1D68A}.Debug|ARM64.Build.0 = Debug|ARM64
		{64F3823F-1249-4B6A-BBBE-F93576F1D68A}.Debug|x64.ActiveCfg = Debug|x64
		{64F3823F-1249-4B6A-BBBE-F93576F1D68A}.Debug|x64.Build.0 = Debug|x64
		{64F3823F-1249-4B6A-BBBE-F93576F1D68A}.Debug|x86.ActiveCfg = Debug|Win32
		{64F3823F-1249-4B6A-BBBE-F93576F1D68A}.Debug|x86.Build.0 = Debug|Win32
		{64F3823F-1249-4B6A-BBBE-F93576F1D68A}.Release|ARM64.ActiveCfg = Release|ARM64
		{64F3823F-1249-4B6A-BBBE-F93576F1D68A}.Release|ARM64.Build.0 = Release|ARM64
		{64F3823F-1249-4B6A-BBBE-F93576F1D68A}.Release|x64.ActiveCfg = Release|x64
		{64F3823F-1249-4B6A-BBBE-F93576F1D68A}.Release|x64.Build.0 = Release|x64
		{64F3823F-1249-4B6A-BBBE-F93576F1D68A}.Release|x86.ActiveCfg = Release|Win32
		{64F3823F-1249-4B6A-BBBE-F93576F1D68A}.Release|x86.Build.0 = Release|Win32
	EndGlobalSection
	GlobalSection(SolutionProperties) = preSolution
		HideSolutionNode = FALSE
	EndGlobalSection
	GlobalSection(ExtensibilityGlobals) = postSolution
		SolutionGuid = {F125A81D-12FA-4221-9C9A-04DF268F0D88}
	EndGlobalSection
EndGlobal
